{
  "name": "spwmap-tools",
  "version": "1.0.1",
  "lockfileVersion": 2,
  "requires": true,
  "packages": {
    "": {
      "name": "spwmap-tools",
      "version": "1.0.1",
      "dependencies": {
        "json_to_lua": "^1.1.1"
      },
      "devDependencies": {
        "prettier": "^4.0.0-alpha.12"
      }
    },
    "node_modules/@prettier/cli": {
      "version": "0.7.1",
      "resolved": "https://registry.npmjs.org/@prettier/cli/-/cli-0.7.1.tgz",
      "integrity": "sha512-YoXPLOLmEEHP4MKgzcEilzaUtlo80Qm5Pb+59QbgDeOsIExGBkRqZmC2+iwzSwEhlhTEpGqDwqb3+nP/dPay9A==",
      "dev": true,
      "license": "MIT",
      "dependencies": {
        "atomically": "^2.0.3",
        "fast-ignore": "^1.1.3",
        "find-up-json": "^2.0.4",
        "function-once": "^3.0.0",
        "import-meta-resolve": "^4.1.0",
        "is-binary-path": "^2.1.0",
        "js-yaml": "^4.1.0",
        "json-sorted-stringify": "^1.0.0",
        "json5": "^2.2.3",
        "kasi": "^1.1.0",
        "lomemo": "^1.0.0",
        "pioppo": "^1.2.0",
        "promise-resolve-timeout": "^2.0.0",
        "smol-toml": "^1.3.1",
        "specialist": "^1.4.5",
        "tiny-editorconfig": "^1.0.0",
        "tiny-jsonc": "^1.0.1",
        "tiny-readdir": "^2.7.4",
        "tiny-readdir-glob": "^1.23.1",
        "tiny-spinner": "^2.0.4",
        "worktank": "^2.7.3",
        "zeptomatch": "^2.0.0",
        "zeptomatch-escape": "^1.0.0",
        "zeptomatch-is-static": "^1.0.0"
      },
      "bin": {
        "prettier-next": "dist/bin.js"
      },
      "peerDependencies": {
        "prettier": "^3.1.0 || ^4.0.0-alpha"
      }
    },
    "node_modules/ansi-purge": {
      "version": "1.0.1",
      "resolved": "https://registry.npmjs.org/ansi-purge/-/ansi-purge-1.0.1.tgz",
      "integrity": "sha512-5NNMT7rljQ24DKHnIYG1qFXs8eUv5mZcT6kOPf5NopQUzpURBh/T4tbQw3TX//q3Zpw3JwVvsVHHsRKJesQHZQ==",
      "dev": true,
      "license": "MIT"
    },
    "node_modules/ansi-truncate": {
      "version": "1.2.0",
      "resolved": "https://registry.npmjs.org/ansi-truncate/-/ansi-truncate-1.2.0.tgz",
      "integrity": "sha512-/SLVrxNIP8o8iRHjdK3K9s2hDqdvb86NEjZOAB6ecWFsOo+9obaby97prnvAPn6j7ExXCpbvtlJFYPkkspg4BQ==",
      "dev": true,
      "license": "MIT",
      "dependencies": {
        "fast-string-truncated-width": "^1.2.0"
      }
    },
    "node_modules/argparse": {
      "version": "2.0.1",
      "resolved": "https://registry.npmjs.org/argparse/-/argparse-2.0.1.tgz",
      "integrity": "sha512-8+9WqebbFzpX9OR+Wa6O29asIogeRMzcGtAINdpMHHyAg10f05aSFVBbcEqGf/PXw1EjAZ+q2/bEBg3DvurK3Q==",
      "dev": true,
      "license": "Python-2.0"
    },
    "node_modules/atomically": {
      "version": "2.0.3",
      "resolved": "https://registry.npmjs.org/atomically/-/atomically-2.0.3.tgz",
      "integrity": "sha512-kU6FmrwZ3Lx7/7y3hPS5QnbJfaohcIul5fGqf7ok+4KklIEk9tJ0C2IQPdacSbVUWv6zVHXEBWoWd6NrVMT7Cw==",
      "dev": true,
      "dependencies": {
        "stubborn-fs": "^1.2.5",
        "when-exit": "^2.1.1"
      }
    },
    "node_modules/binary-extensions": {
      "version": "2.3.0",
      "resolved": "https://registry.npmjs.org/binary-extensions/-/binary-extensions-2.3.0.tgz",
      "integrity": "sha512-Ceh+7ox5qe7LJuLHoY0feh3pHuUDHAcRUeyL2VYghZwfpkNIy/+8Ocg0a3UuSoYzavmylwuLWQOf3hl0jjMMIw==",
      "dev": true,
      "license": "MIT",
      "engines": {
        "node": ">=8"
      },
      "funding": {
        "url": "https://github.com/sponsors/sindresorhus"
      }
    },
    "node_modules/dettle": {
      "version": "1.0.5",
      "resolved": "https://registry.npmjs.org/dettle/-/dettle-1.0.5.tgz",
      "integrity": "sha512-ZVyjhAJ7sCe1PNXEGveObOH9AC8QvMga3HJIghHawtG7mE4K5pW9nz/vDGAr/U7a3LWgdOzEE7ac9MURnyfaTA==",
      "dev": true,
      "license": "MIT"
    },
    "node_modules/fast-ignore": {
      "version": "1.1.3",
      "resolved": "https://registry.npmjs.org/fast-ignore/-/fast-ignore-1.1.3.tgz",
      "integrity": "sha512-xTo4UbrOKfEQgOFlPaqFScodTV/Wf3KATEqCZZSMh6OP4bcez0lTsqww3n3/Fve1q9u0jmfDP0q0nOhH4POZEg==",
      "dev": true,
      "dependencies": {
        "grammex": "^3.1.2",
        "string-escape-regex": "^1.0.0"
      }
    },
    "node_modules/fast-string-truncated-width": {
      "version": "1.2.1",
      "resolved": "https://registry.npmjs.org/fast-string-truncated-width/-/fast-string-truncated-width-1.2.1.tgz",
      "integrity": "sha512-Q9acT/+Uu3GwGj+5w/zsGuQjh9O1TyywhIwAxHudtWrgF09nHOPrvTLhQevPbttcxjr/SNN7mJmfOw/B1bXgow==",
      "dev": true,
      "license": "MIT"
    },
    "node_modules/fast-string-width": {
      "version": "1.1.0",
      "resolved": "https://registry.npmjs.org/fast-string-width/-/fast-string-width-1.1.0.tgz",
      "integrity": "sha512-O3fwIVIH5gKB38QNbdg+3760ZmGz0SZMgvwJbA1b2TGXceKE6A2cOlfogh1iw8lr049zPyd7YADHy+B7U4W9bQ==",
      "dev": true,
      "license": "MIT",
      "dependencies": {
        "fast-string-truncated-width": "^1.2.0"
      }
    },
    "node_modules/find-up-json": {
      "version": "2.0.5",
      "resolved": "https://registry.npmjs.org/find-up-json/-/find-up-json-2.0.5.tgz",
      "integrity": "sha512-1zZZUfD1GOOEEd1AqwbRmCkCCv1O9t0vOpCYgmzfJqKty8WKaKlDyxWej8Aew+vI5lvDiTviaQuaVuu6GzlHzQ==",
      "dev": true,
      "license": "MIT",
      "dependencies": {
        "find-up-path": "^1.0.1"
      }
    },
    "node_modules/find-up-path": {
      "version": "1.0.1",
      "resolved": "https://registry.npmjs.org/find-up-path/-/find-up-path-1.0.1.tgz",
      "integrity": "sha512-cl4Sfxufq9WK848L887b4r+NVZoBjMeB4QydPZ+pXbp6Jt2nUVspTo2svNOm48stIIeSxtuCsULa9+e+LMTzwA==",
      "dev": true,
      "license": "MIT"
    },
    "node_modules/function-once": {
      "version": "3.0.1",
      "resolved": "https://registry.npmjs.org/function-once/-/function-once-3.0.1.tgz",
      "integrity": "sha512-bE3E8REk4jANDot3l0sLFkXgywBwzFKsmbwdnVHLJUnt/3kV6dNG0oJJqoRBuS1Z9Lr4ZoQgwV0ZNLDgWDbv7Q==",
      "dev": true,
      "license": "MIT"
    },
    "node_modules/get-current-package": {
      "version": "1.0.1",
      "resolved": "https://registry.npmjs.org/get-current-package/-/get-current-package-1.0.1.tgz",
      "integrity": "sha512-c/Rw5ByDQ+zg+Lh/emBWv0bDpugEFdmXPR6/srIemVtIvol0XbT0JAr8Db0cX+Jj/xY9wj1wdjeq2qNB35Tayg==",
      "dev": true,
      "license": "MIT",
      "dependencies": {
        "find-up-json": "^2.0.5"
      }
    },
    "node_modules/grammex": {
      "version": "3.1.10",
      "resolved": "https://registry.npmjs.org/grammex/-/grammex-3.1.10.tgz",
      "integrity": "sha512-UCfMsV/sfqk4TN1+m5ehSOXuADyLUgSuwMI2vCVlbN/REoSmTl4eagswC9DzzVxtsKv7Yp2CmIJNn4fMk8PaQA==",
      "dev": true,
      "license": "MIT"
    },
    "node_modules/import-meta-resolve": {
      "version": "4.1.0",
      "resolved": "https://registry.npmjs.org/import-meta-resolve/-/import-meta-resolve-4.1.0.tgz",
      "integrity": "sha512-I6fiaX09Xivtk+THaMfAwnA3MVA5Big1WHF1Dfx9hFuvNIWpXnorlkzhcQf6ehrqQiiZECRt1poOAkPmer3ruw==",
      "dev": true,
      "license": "MIT",
      "funding": {
        "type": "github",
        "url": "https://github.com/sponsors/wooorm"
      }
    },
    "node_modules/ini-simple-parser": {
      "version": "1.0.1",
      "resolved": "https://registry.npmjs.org/ini-simple-parser/-/ini-simple-parser-1.0.1.tgz",
      "integrity": "sha512-myU5nhF2miBQP3tO/giUi+8BI9QhfM/XRZd0RD7G0p+40K6KPAwxMDtH3UEtJ2XJZbd+ZiQOoGh432DTYfzNVQ==",
      "dev": true,
      "license": "MIT"
    },
    "node_modules/ionstore": {
      "version": "1.0.1",
      "resolved": "https://registry.npmjs.org/ionstore/-/ionstore-1.0.1.tgz",
      "integrity": "sha512-g+99vyka3EiNFJCnbq3NxegjV211RzGtkDUMbZGB01Con8ZqUmMx/FpWMeqgDXOqgM7QoVeDhe+CfYCWznaDVA==",
      "dev": true,
      "license": "MIT"
    },
    "node_modules/is-binary-path": {
      "version": "2.1.0",
      "resolved": "https://registry.npmjs.org/is-binary-path/-/is-binary-path-2.1.0.tgz",
      "integrity": "sha512-ZMERYes6pDydyuGidse7OsHxtbI7WVeUEozgR/g7rd0xUimYNlvZRE/K2MgZTjWy725IfelLeVcEM97mmtRGXw==",
      "dev": true,
      "license": "MIT",
      "dependencies": {
        "binary-extensions": "^2.0.0"
      },
      "engines": {
        "node": ">=8"
      }
    },
    "node_modules/js-yaml": {
      "version": "4.1.0",
      "resolved": "https://registry.npmjs.org/js-yaml/-/js-yaml-4.1.0.tgz",
      "integrity": "sha512-wpxZs9NoxZaJESJGIZTyDEaYpl0FKSA+FB9aJiyemKhMwkxQg63h4T1KJgUGHpTqPDNRcmmYLugrRjJlBtWvRA==",
      "dev": true,
      "license": "MIT",
      "dependencies": {
        "argparse": "^2.0.1"
      },
      "bin": {
        "js-yaml": "bin/js-yaml.js"
      }
    },
    "node_modules/json_to_lua": {
      "version": "1.1.1",
      "resolved": "https://registry.npmjs.org/json_to_lua/-/json_to_lua-1.1.1.tgz",
      "integrity": "sha512-TgqPHtUPGp6ZuzRzaLV1PeOnnnOKgvjmFJDelh0p0KlHz0oq0/ko3ji7TjBjFxFSPYd5zsl1rV7NPcIKZH15nA==",
      "license": "ISC",
      "dependencies": {
        "lodash": "^4.17.15"
      },
      "bin": {
        "json_to_lua": "index.js"
      }
    },
    "node_modules/json-sorted-stringify": {
      "version": "1.0.1",
      "resolved": "https://registry.npmjs.org/json-sorted-stringify/-/json-sorted-stringify-1.0.1.tgz",
      "integrity": "sha512-pWv9hqWho37EpwpBgqDYVPKPCgT/ytuvqtlBvb6M44BrnvooTk/5D/aSeohsGDLp+g8waP5dUUGODR+Ley+Idg==",
      "dev": true,
      "license": "MIT"
    },
    "node_modules/json5": {
      "version": "2.2.3",
      "resolved": "https://registry.npmjs.org/json5/-/json5-2.2.3.tgz",
      "integrity": "sha512-XmOWe7eyHYH14cLdVPoyg+GOH3rYX++KpzrylJwSW98t3Nk+U8XOl8FWKOgwtzdb8lXGf6zYwDUzeHMWfxasyg==",
      "dev": true,
      "license": "MIT",
      "bin": {
        "json5": "lib/cli.js"
      },
      "engines": {
        "node": ">=6"
      }
    },
    "node_modules/kasi": {
      "version": "1.1.1",
      "resolved": "https://registry.npmjs.org/kasi/-/kasi-1.1.1.tgz",
      "integrity": "sha512-pzBwGWFIjf84T/8aD0XzMli1T3Ckr/jVLh6v0Jskwiv5ehmcgDM+vpYFSk8WzGn4ed4HqgaifTgQUHzzZHa+Qw==",
      "dev": true,
      "license": "MIT"
    },
    "node_modules/lodash": {
      "version": "4.17.21",
      "resolved": "https://registry.npmjs.org/lodash/-/lodash-4.17.21.tgz",
      "integrity": "sha512-v2kDEe57lecTulaDIuNTPy3Ry4gLGJ6Z1O3vE1krgXZNrsQ+LFTGHVxVjcXPs17LhbZVGedAJv8XZ1tvj5FvSg=="
    },
    "node_modules/lomemo": {
      "version": "1.0.1",
      "resolved": "https://registry.npmjs.org/lomemo/-/lomemo-1.0.1.tgz",
      "integrity": "sha512-g8CnVp7UYypeQKpXpMzyrJoDzhOoqVQYSJApoq/cFI3vGxXoHQ+6lH5cApW9XwzVy5SL9/Owil7/JxbKckw0Lg==",
      "dev": true,
      "license": "MIT"
    },
    "node_modules/pioppo": {
      "version": "1.2.1",
      "resolved": "https://registry.npmjs.org/pioppo/-/pioppo-1.2.1.tgz",
      "integrity": "sha512-1oErGVWD6wFDPmrJWEY1Cj2p829UGT6Fw9OItYFxLkWtBjCvQSMC8wA5IcAR5ms/6gqiY8pnJvIV/+/Imyobew==",
      "dev": true,
      "license": "MIT",
      "dependencies": {
        "dettle": "^1.0.5",
        "when-exit": "^2.1.4"
      }
    },
    "node_modules/prettier": {
      "version": "4.0.0-alpha.12",
      "resolved": "https://registry.npmjs.org/prettier/-/prettier-4.0.0-alpha.12.tgz",
      "integrity": "sha512-wQ8RK48Io6nRr39OQFXZu+EALwTygXnstPgN9UplY+mqkg6P52ceGifo5gylIwX1X9lOuXxreUFrLxXsCbA+sg==",
      "dev": true,
      "license": "MIT",
      "dependencies": {
        "@prettier/cli": "^0.7.1"
      },
      "bin": {
        "prettier": "bin/prettier.cjs"
      },
      "engines": {
        "node": ">=14"
      },
      "funding": {
        "url": "https://github.com/prettier/prettier?sponsor=1"
      }
    },
    "node_modules/promise-make-counter": {
      "version": "1.0.2",
      "resolved": "https://registry.npmjs.org/promise-make-counter/-/promise-make-counter-1.0.2.tgz",
      "integrity": "sha512-FJAxTBWQuQoAs4ZOYuKX1FHXxEgKLEzBxUvwr4RoOglkTpOjWuM+RXsK3M9q5lMa8kjqctUrhwYeZFT4ygsnag==",
      "dev": true,
      "license": "MIT",
      "dependencies": {
        "promise-make-naked": "^3.0.2"
      }
    },
    "node_modules/promise-make-naked": {
      "version": "3.0.2",
      "resolved": "https://registry.npmjs.org/promise-make-naked/-/promise-make-naked-3.0.2.tgz",
      "integrity": "sha512-B+b+kQ1YrYS7zO7P7bQcoqqMUizP06BOyNSBEnB5VJKDSWo8fsVuDkfSmwdjF0JsRtaNh83so5MMFJ95soH5jg==",
      "dev": true,
      "license": "MIT"
    },
    "node_modules/promise-resolve-timeout": {
      "version": "2.0.1",
      "resolved": "https://registry.npmjs.org/promise-resolve-timeout/-/promise-resolve-timeout-2.0.1.tgz",
      "integrity": "sha512-90Qzzu5SmR+ksmTPsc79121NZGtEiPvKACQLCl6yofknRx5xJI9kNj3oDVSX6dVTneF8Ju6+xpVFdDSzb7cNcg==",
      "dev": true,
      "license": "MIT"
    },
    "node_modules/smol-toml": {
      "version": "1.3.1",
      "resolved": "https://registry.npmjs.org/smol-toml/-/smol-toml-1.3.1.tgz",
      "integrity": "sha512-tEYNll18pPKHroYSmLLrksq233j021G0giwW7P3D24jC54pQ5W5BXMsQ/Mvw1OJCmEYDgY+lrzT+3nNUtoNfXQ==",
      "dev": true,
      "license": "BSD-3-Clause",
      "engines": {
        "node": ">= 18"
      },
      "funding": {
        "url": "https://github.com/sponsors/cyyynthia"
      }
    },
    "node_modules/specialist": {
      "version": "1.4.5",
      "resolved": "https://registry.npmjs.org/specialist/-/specialist-1.4.5.tgz",
      "integrity": "sha512-4mPQEREzBUW2hzlXX/dWFbQdUWzpkqvMFVpUAdRlo1lUlhKMObDHiAo09oZ94x4cS3uWMJebPOTn+GaQYLfv3Q==",
      "dev": true,
      "license": "MIT",
      "dependencies": {
        "tiny-bin": "^1.10.3",
        "tiny-colors": "^2.2.2",
        "tiny-parse-argv": "^2.8.1",
        "tiny-updater": "^3.5.3"
      }
    },
    "node_modules/stdin-blocker": {
      "version": "2.0.1",
      "resolved": "https://registry.npmjs.org/stdin-blocker/-/stdin-blocker-2.0.1.tgz",
      "integrity": "sha512-NEcAEpag+gE/Iivx1prq1AFPwnmgmcyHNvGZLUqGBoOE/7DZtmhtP9iYqJt8ymueFL+kknhfEebAMWbrWp3FJw==",
      "dev": true,
      "license": "MIT"
    },
    "node_modules/string-escape-regex": {
      "version": "1.0.1",
      "resolved": "https://registry.npmjs.org/string-escape-regex/-/string-escape-regex-1.0.1.tgz",
      "integrity": "sha512-cdSXOHSJ32K/T2dbj9t7rJwonujaOkaINpa1zsXT+PNFIv1zuPjtr0tXanCvUhN2bIu2IB0z/C7ksl+Qsy44nA==",
      "dev": true,
      "license": "MIT"
    },
    "node_modules/stubborn-fs": {
      "version": "1.2.5",
      "resolved": "https://registry.npmjs.org/stubborn-fs/-/stubborn-fs-1.2.5.tgz",
      "integrity": "sha512-H2N9c26eXjzL/S/K+i/RHHcFanE74dptvvjM8iwzwbVcWY/zjBbgRqF3K0DY4+OD+uTTASTBvDoxPDaPN02D7g==",
      "dev": true
    },
    "node_modules/tiny-bin": {
      "version": "1.11.1",
      "resolved": "https://registry.npmjs.org/tiny-bin/-/tiny-bin-1.11.1.tgz",
      "integrity": "sha512-UFC5EwtmCkFshKOBgXZzNFJsHpZrtbWZ/jQj+pwoIGUUbmenlQGGVDOwVqVOuG1nTxICSd+GLp3b+j7dUKZr2Q==",
      "dev": true,
      "license": "MIT",
      "dependencies": {
        "ansi-purge": "^1.0.1",
        "fast-string-width": "^1.1.0",
        "get-current-package": "^1.0.1",
        "tiny-colors": "^2.2.2",
        "tiny-levenshtein": "^1.0.1",
        "tiny-parse-argv": "^2.8.2",
        "tiny-updater": "^3.5.3"
      }
    },
    "node_modules/tiny-colors": {
      "version": "2.2.2",
      "resolved": "https://registry.npmjs.org/tiny-colors/-/tiny-colors-2.2.2.tgz",
      "integrity": "sha512-Elmv7JL+dX0c78caKEelH1nHHBskHzJkaqBRgVvQuxsvVA/Z9Fa2R3ZZtfmkkajcd18e96RLMwJvtFqC8jsZWA==",
      "dev": true,
      "license": "MIT"
    },
    "node_modules/tiny-cursor": {
      "version": "2.0.1",
      "resolved": "https://registry.npmjs.org/tiny-cursor/-/tiny-cursor-2.0.1.tgz",
      "integrity": "sha512-28ytGEfb7m/8Gdflv+wSo5qRM01fROo2CjJVYon6yYbzPsc3ap3Ps5CZXuS19pIROwswSvZMGbEQ7kWnokdUGA==",
      "dev": true,
      "license": "MIT",
      "dependencies": {
        "when-exit": "^2.1.4"
      }
    },
    "node_modules/tiny-editorconfig": {
      "version": "1.0.0",
      "resolved": "https://registry.npmjs.org/tiny-editorconfig/-/tiny-editorconfig-1.0.0.tgz",
      "integrity": "sha512-rxpWaSurnvPUkL2/qydRH10llK7MD1XfE38zoWTsp/ZWWYnnwPBzGUePBOcXFaNA3cJQm8ItqrofGeRJ6AVaew==",
      "dev": true,
      "dependencies": {
        "ini-simple-parser": "^1.0.0",
        "zeptomatch": "^1.1.3"
      }
    },
    "node_modules/tiny-editorconfig/node_modules/zeptomatch": {
      "version": "1.2.2",
      "resolved": "https://registry.npmjs.org/zeptomatch/-/zeptomatch-1.2.2.tgz",
      "integrity": "sha512-0ETdzEO0hdYmT8aXHHf5aMjpX+FHFE61sG4qKFAoJD2Umt3TWdCmH7ADxn2oUiWTlqBGC+SGr8sYMfr+37J8pQ==",
      "dev": true,
      "dependencies": {
        "grammex": "^3.1.1"
      }
    },
    "node_modules/tiny-jsonc": {
      "version": "1.0.2",
      "resolved": "https://registry.npmjs.org/tiny-jsonc/-/tiny-jsonc-1.0.2.tgz",
      "integrity": "sha512-f5QDAfLq6zIVSyCZQZhhyl0QS6MvAyTxgz4X4x3+EoCktNWEYJ6PeoEA97fyb98njpBNNi88ybpD7m+BDFXaCw==",
      "dev": true,
      "license": "MIT"
    },
    "node_modules/tiny-levenshtein": {
      "version": "1.0.1",
      "resolved": "https://registry.npmjs.org/tiny-levenshtein/-/tiny-levenshtein-1.0.1.tgz",
      "integrity": "sha512-Q4rRa0pxGIbYoXQDejEDnonHt+QUTFrejaAxdv7h352/PWQBJ2eKsbzw1khvbIXKrpG1n2ZABX0A34oBGZXB2w==",
      "dev": true,
      "license": "MIT"
    },
    "node_modules/tiny-parse-argv": {
      "version": "2.8.2",
      "resolved": "https://registry.npmjs.org/tiny-parse-argv/-/tiny-parse-argv-2.8.2.tgz",
      "integrity": "sha512-RnIDHQ+r9zMuslQWVoRxfKVOumteeheQqbwNYJyQxzM2vzx/vdN5xAeL64F3rQOpfbVdxFkhM4zPDyfq7SxsBQ==",
      "dev": true,
      "license": "MIT"
    },
    "node_modules/tiny-readdir": {
      "version": "2.7.4",
      "resolved": "https://registry.npmjs.org/tiny-readdir/-/tiny-readdir-2.7.4.tgz",
      "integrity": "sha512-721U+zsYwDirjr8IM6jqpesD/McpZooeFi3Zc6mcjy1pse2C+v19eHPFRqz4chGXZFw7C3KITDjAtHETc2wj7Q==",
      "dev": true,
      "license": "MIT",
      "dependencies": {
        "promise-make-counter": "^1.0.2"
      }
    },
    "node_modules/tiny-readdir-glob": {
      "version": "1.23.1",
      "resolved": "https://registry.npmjs.org/tiny-readdir-glob/-/tiny-readdir-glob-1.23.1.tgz",
      "integrity": "sha512-UJB7alIB+lSmIfVGKLxNyErlo5mto1luldvXW+s+NSO5gyleU/Ut9P4QKghPEenCHqVZhW0j6OggDkmattVhKw==",
      "dev": true,
      "dependencies": {
        "tiny-readdir": "^2.7.0",
        "zeptomatch": "^1.2.2",
        "zeptomatch-explode": "^1.0.0",
        "zeptomatch-is-static": "^1.0.0",
        "zeptomatch-unescape": "^1.0.0"
      }
    },
    "node_modules/tiny-readdir-glob/node_modules/zeptomatch": {
      "version": "1.2.2",
      "resolved": "https://registry.npmjs.org/zeptomatch/-/zeptomatch-1.2.2.tgz",
      "integrity": "sha512-0ETdzEO0hdYmT8aXHHf5aMjpX+FHFE61sG4qKFAoJD2Umt3TWdCmH7ADxn2oUiWTlqBGC+SGr8sYMfr+37J8pQ==",
      "dev": true,
      "dependencies": {
        "grammex": "^3.1.1"
      }
    },
    "node_modules/tiny-spinner": {
      "version": "2.0.5",
      "resolved": "https://registry.npmjs.org/tiny-spinner/-/tiny-spinner-2.0.5.tgz",
      "integrity": "sha512-OIGogtfEbA2IQdCBgF0zI3EjpFyiUEd6Uj5j0q5jhIPPq8pgNR83D0t9WIckbD2FzPann8lH/uLf1vX0YIu04w==",
      "dev": true,
      "license": "MIT",
      "dependencies": {
        "stdin-blocker": "^2.0.1",
        "tiny-colors": "^2.2.2",
        "tiny-cursor": "^2.0.1",
        "tiny-truncate": "^1.0.3"
      }
    },
    "node_modules/tiny-truncate": {
      "version": "1.0.3",
      "resolved": "https://registry.npmjs.org/tiny-truncate/-/tiny-truncate-1.0.3.tgz",
      "integrity": "sha512-ZdCMtUg6N5VgYAInid90lnA4R720w5iU7raqPspAoYxOSMyzp132b8DeKZGrO2yC3tvoJMUDaymY3XFN3Zr5sQ==",
      "dev": true,
      "license": "MIT",
      "dependencies": {
        "ansi-truncate": "^1.2.0"
      }
    },
    "node_modules/tiny-updater": {
      "version": "3.5.3",
      "resolved": "https://registry.npmjs.org/tiny-updater/-/tiny-updater-3.5.3.tgz",
      "integrity": "sha512-wEUssfOOkVLg2raSaRbyZDHpVCDj6fnp7UjynpNE4XGuF+Gkj8GRRMoHdfk73VzLQs/AHKsbY8fCxXNz8Hx4Qg==",
      "dev": true,
      "license": "MIT",
      "dependencies": {
        "ionstore": "^1.0.1",
        "tiny-colors": "^2.2.2",
        "when-exit": "^2.1.4"
      }
    },
    "node_modules/webworker-shim": {
      "version": "1.1.1",
      "resolved": "https://registry.npmjs.org/webworker-shim/-/webworker-shim-1.1.1.tgz",
      "integrity": "sha512-XCWuBjJH3Xn/7SbyUF1WrrCbe6ZEsgaD7kxlFhxIwdkljGYX3BqP/dhG6ge0NBT+V7ZPjR4/BXq5BvbdaxrpKg==",
      "dev": true,
      "license": "MIT"
    },
    "node_modules/when-exit": {
      "version": "2.1.4",
      "resolved": "https://registry.npmjs.org/when-exit/-/when-exit-2.1.4.tgz",
      "integrity": "sha512-4rnvd3A1t16PWzrBUcSDZqcAmsUIy4minDXT/CZ8F2mVDgd65i4Aalimgz1aQkRGU0iH5eT5+6Rx2TK8o443Pg==",
      "dev": true,
      "license": "MIT"
    },
    "node_modules/worktank": {
      "version": "2.7.3",
      "resolved": "https://registry.npmjs.org/worktank/-/worktank-2.7.3.tgz",
      "integrity": "sha512-M0fesnpttBPdvNYBdzRvLDsacN0na9RYWFxwmM/x1+/6mufjduv9/9vBObK8EXDqxRMX/SOYJabpo0UCYYBUdQ==",
      "dev": true,
      "dependencies": {
        "promise-make-naked": "^2.0.0",
        "webworker-shim": "^1.1.0"
      }
    },
    "node_modules/worktank/node_modules/promise-make-naked": {
      "version": "2.1.2",
      "resolved": "https://registry.npmjs.org/promise-make-naked/-/promise-make-naked-2.1.2.tgz",
      "integrity": "sha512-y7s8ZuHIG56JYspB24be9GFkXA1zXL85Ur9u1DKrW/tvyUoPxWgBjnalK6Nc6l7wHBcAW0c3PO07+XOsWTRuhg==",
      "dev": true
    },
    "node_modules/zeptomatch": {
      "version": "2.0.1",
      "resolved": "https://registry.npmjs.org/zeptomatch/-/zeptomatch-2.0.1.tgz",
      "integrity": "sha512-nbnIYF2n3o3EqV36HkIhEMLIDFbG3M6RUjhkdKIn6qqIJkdkL7bgVSfTTCEXBJpk1T45tLfEYfStndJc2lUEnA==",
      "dev": true,
      "license": "MIT",
      "dependencies": {
        "grammex": "^3.1.10"
      }
    },
    "node_modules/zeptomatch-escape": {
      "version": "1.0.1",
      "resolved": "https://registry.npmjs.org/zeptomatch-escape/-/zeptomatch-escape-1.0.1.tgz",
      "integrity": "sha512-kAc5HzvnF66djCYDqpsS46Y/FKi+4pe/KJRmTmm/hwmoaNYzmm6bBY07cdkxmJCdY018S5UeQn4yP+9X2x1MbQ==",
      "dev": true,
      "license": "MIT"
    },
    "node_modules/zeptomatch-explode": {
      "version": "1.0.1",
      "resolved": "https://registry.npmjs.org/zeptomatch-explode/-/zeptomatch-explode-1.0.1.tgz",
      "integrity": "sha512-7cUQASLLRGZ20+zEQcEgQ9z/gH1+jSfrNg4KfRJSxF1QU2fpymAwWvnAxl69GD5pr3IV0V9vo3ke2np//Nh4tQ==",
      "dev": true,
      "license": "MIT"
    },
    "node_modules/zeptomatch-is-static": {
      "version": "1.0.1",
      "resolved": "https://registry.npmjs.org/zeptomatch-is-static/-/zeptomatch-is-static-1.0.1.tgz",
      "integrity": "sha512-bN9q7H/UdXhkub01WE7b7Grg07jLldNnIWG2T1IpBq5NtvcQ4DwFbNiGGapnbKHUdWiCNjg/bIvixV88nj9gog==",
      "dev": true,
      "license": "MIT"
    },
    "node_modules/zeptomatch-unescape": {
      "version": "1.0.1",
      "resolved": "https://registry.npmjs.org/zeptomatch-unescape/-/zeptomatch-unescape-1.0.1.tgz",
      "integrity": "sha512-xhSFkKV0aQ03e/eiN4VhOTwJhcqfH7SMiGHrWKw9gXi+0EVJAxJ8Gt4ehozYsYLhUXL1JFbP1g3EE6ZmkStB0g==",
      "dev": true,
      "license": "MIT"
    }
  },
  "dependencies": {
    "@prettier/cli": {
      "version": "0.7.1",
      "resolved": "https://registry.npmjs.org/@prettier/cli/-/cli-0.7.1.tgz",
      "integrity": "sha512-YoXPLOLmEEHP4MKgzcEilzaUtlo80Qm5Pb+59QbgDeOsIExGBkRqZmC2+iwzSwEhlhTEpGqDwqb3+nP/dPay9A==",
      "dev": true,
      "requires": {
        "atomically": "^2.0.3",
        "fast-ignore": "^1.1.3",
        "find-up-json": "^2.0.4",
        "function-once": "^3.0.0",
        "import-meta-resolve": "^4.1.0",
        "is-binary-path": "^2.1.0",
        "js-yaml": "^4.1.0",
        "json-sorted-stringify": "^1.0.0",
        "json5": "^2.2.3",
        "kasi": "^1.1.0",
        "lomemo": "^1.0.0",
        "pioppo": "^1.2.0",
        "promise-resolve-timeout": "^2.0.0",
        "smol-toml": "^1.3.1",
        "specialist": "^1.4.5",
        "tiny-editorconfig": "^1.0.0",
        "tiny-jsonc": "^1.0.1",
        "tiny-readdir": "^2.7.4",
        "tiny-readdir-glob": "^1.23.1",
        "tiny-spinner": "^2.0.4",
        "worktank": "^2.7.3",
        "zeptomatch": "^2.0.0",
        "zeptomatch-escape": "^1.0.0",
        "zeptomatch-is-static": "^1.0.0"
      }
    },
    "ansi-purge": {
      "version": "1.0.1",
      "resolved": "https://registry.npmjs.org/ansi-purge/-/ansi-purge-1.0.1.tgz",
      "integrity": "sha512-5NNMT7rljQ24DKHnIYG1qFXs8eUv5mZcT6kOPf5NopQUzpURBh/T4tbQw3TX//q3Zpw3JwVvsVHHsRKJesQHZQ==",
      "dev": true
    },
    "ansi-truncate": {
      "version": "1.2.0",
      "resolved": "https://registry.npmjs.org/ansi-truncate/-/ansi-truncate-1.2.0.tgz",
      "integrity": "sha512-/SLVrxNIP8o8iRHjdK3K9s2hDqdvb86NEjZOAB6ecWFsOo+9obaby97prnvAPn6j7ExXCpbvtlJFYPkkspg4BQ==",
      "dev": true,
      "requires": {
        "fast-string-truncated-width": "^1.2.0"
      }
    },
    "argparse": {
      "version": "2.0.1",
      "resolved": "https://registry.npmjs.org/argparse/-/argparse-2.0.1.tgz",
      "integrity": "sha512-8+9WqebbFzpX9OR+Wa6O29asIogeRMzcGtAINdpMHHyAg10f05aSFVBbcEqGf/PXw1EjAZ+q2/bEBg3DvurK3Q==",
      "dev": true
    },
    "atomically": {
      "version": "2.0.3",
      "resolved": "https://registry.npmjs.org/atomically/-/atomically-2.0.3.tgz",
      "integrity": "sha512-kU6FmrwZ3Lx7/7y3hPS5QnbJfaohcIul5fGqf7ok+4KklIEk9tJ0C2IQPdacSbVUWv6zVHXEBWoWd6NrVMT7Cw==",
      "dev": true,
      "requires": {
        "stubborn-fs": "^1.2.5",
        "when-exit": "^2.1.1"
      }
    },
    "binary-extensions": {
      "version": "2.3.0",
      "resolved": "https://registry.npmjs.org/binary-extensions/-/binary-extensions-2.3.0.tgz",
      "integrity": "sha512-Ceh+7ox5qe7LJuLHoY0feh3pHuUDHAcRUeyL2VYghZwfpkNIy/+8Ocg0a3UuSoYzavmylwuLWQOf3hl0jjMMIw==",
      "dev": true
    },
    "dettle": {
      "version": "1.0.5",
      "resolved": "https://registry.npmjs.org/dettle/-/dettle-1.0.5.tgz",
      "integrity": "sha512-ZVyjhAJ7sCe1PNXEGveObOH9AC8QvMga3HJIghHawtG7mE4K5pW9nz/vDGAr/U7a3LWgdOzEE7ac9MURnyfaTA==",
      "dev": true
    },
    "fast-ignore": {
      "version": "1.1.3",
      "resolved": "https://registry.npmjs.org/fast-ignore/-/fast-ignore-1.1.3.tgz",
      "integrity": "sha512-xTo4UbrOKfEQgOFlPaqFScodTV/Wf3KATEqCZZSMh6OP4bcez0lTsqww3n3/Fve1q9u0jmfDP0q0nOhH4POZEg==",
      "dev": true,
      "requires": {
        "grammex": "^3.1.2",
        "string-escape-regex": "^1.0.0"
      }
    },
    "fast-string-truncated-width": {
      "version": "1.2.1",
      "resolved": "https://registry.npmjs.org/fast-string-truncated-width/-/fast-string-truncated-width-1.2.1.tgz",
      "integrity": "sha512-Q9acT/+Uu3GwGj+5w/zsGuQjh9O1TyywhIwAxHudtWrgF09nHOPrvTLhQevPbttcxjr/SNN7mJmfOw/B1bXgow==",
      "dev": true
    },
    "fast-string-width": {
      "version": "1.1.0",
      "resolved": "https://registry.npmjs.org/fast-string-width/-/fast-string-width-1.1.0.tgz",
      "integrity": "sha512-O3fwIVIH5gKB38QNbdg+3760ZmGz0SZMgvwJbA1b2TGXceKE6A2cOlfogh1iw8lr049zPyd7YADHy+B7U4W9bQ==",
      "dev": true,
      "requires": {
        "fast-string-truncated-width": "^1.2.0"
      }
    },
    "find-up-json": {
      "version": "2.0.5",
      "resolved": "https://registry.npmjs.org/find-up-json/-/find-up-json-2.0.5.tgz",
      "integrity": "sha512-1zZZUfD1GOOEEd1AqwbRmCkCCv1O9t0vOpCYgmzfJqKty8WKaKlDyxWej8Aew+vI5lvDiTviaQuaVuu6GzlHzQ==",
      "dev": true,
      "requires": {
        "find-up-path": "^1.0.1"
      }
    },
    "find-up-path": {
      "version": "1.0.1",
      "resolved": "https://registry.npmjs.org/find-up-path/-/find-up-path-1.0.1.tgz",
      "integrity": "sha512-cl4Sfxufq9WK848L887b4r+NVZoBjMeB4QydPZ+pXbp6Jt2nUVspTo2svNOm48stIIeSxtuCsULa9+e+LMTzwA==",
      "dev": true
    },
    "function-once": {
      "version": "3.0.1",
      "resolved": "https://registry.npmjs.org/function-once/-/function-once-3.0.1.tgz",
      "integrity": "sha512-bE3E8REk4jANDot3l0sLFkXgywBwzFKsmbwdnVHLJUnt/3kV6dNG0oJJqoRBuS1Z9Lr4ZoQgwV0ZNLDgWDbv7Q==",
      "dev": true
    },
    "get-current-package": {
      "version": "1.0.1",
      "resolved": "https://registry.npmjs.org/get-current-package/-/get-current-package-1.0.1.tgz",
      "integrity": "sha512-c/Rw5ByDQ+zg+Lh/emBWv0bDpugEFdmXPR6/srIemVtIvol0XbT0JAr8Db0cX+Jj/xY9wj1wdjeq2qNB35Tayg==",
      "dev": true,
      "requires": {
        "find-up-json": "^2.0.5"
      }
    },
    "grammex": {
      "version": "3.1.10",
      "resolved": "https://registry.npmjs.org/grammex/-/grammex-3.1.10.tgz",
      "integrity": "sha512-UCfMsV/sfqk4TN1+m5ehSOXuADyLUgSuwMI2vCVlbN/REoSmTl4eagswC9DzzVxtsKv7Yp2CmIJNn4fMk8PaQA==",
      "dev": true
    },
    "import-meta-resolve": {
      "version": "4.1.0",
      "resolved": "https://registry.npmjs.org/import-meta-resolve/-/import-meta-resolve-4.1.0.tgz",
      "integrity": "sha512-I6fiaX09Xivtk+THaMfAwnA3MVA5Big1WHF1Dfx9hFuvNIWpXnorlkzhcQf6ehrqQiiZECRt1poOAkPmer3ruw==",
      "dev": true
    },
    "ini-simple-parser": {
      "version": "1.0.1",
      "resolved": "https://registry.npmjs.org/ini-simple-parser/-/ini-simple-parser-1.0.1.tgz",
      "integrity": "sha512-myU5nhF2miBQP3tO/giUi+8BI9QhfM/XRZd0RD7G0p+40K6KPAwxMDtH3UEtJ2XJZbd+ZiQOoGh432DTYfzNVQ==",
      "dev": true
    },
    "ionstore": {
      "version": "1.0.1",
      "resolved": "https://registry.npmjs.org/ionstore/-/ionstore-1.0.1.tgz",
      "integrity": "sha512-g+99vyka3EiNFJCnbq3NxegjV211RzGtkDUMbZGB01Con8ZqUmMx/FpWMeqgDXOqgM7QoVeDhe+CfYCWznaDVA==",
      "dev": true
    },
    "is-binary-path": {
      "version": "2.1.0",
      "resolved": "https://registry.npmjs.org/is-binary-path/-/is-binary-path-2.1.0.tgz",
      "integrity": "sha512-ZMERYes6pDydyuGidse7OsHxtbI7WVeUEozgR/g7rd0xUimYNlvZRE/K2MgZTjWy725IfelLeVcEM97mmtRGXw==",
      "dev": true,
      "requires": {
        "binary-extensions": "^2.0.0"
      }
    },
    "js-yaml": {
      "version": "4.1.0",
      "resolved": "https://registry.npmjs.org/js-yaml/-/js-yaml-4.1.0.tgz",
      "integrity": "sha512-wpxZs9NoxZaJESJGIZTyDEaYpl0FKSA+FB9aJiyemKhMwkxQg63h4T1KJgUGHpTqPDNRcmmYLugrRjJlBtWvRA==",
      "dev": true,
      "requires": {
        "argparse": "^2.0.1"
      }
    },
    "json_to_lua": {
      "version": "1.1.1",
      "resolved": "https://registry.npmjs.org/json_to_lua/-/json_to_lua-1.1.1.tgz",
      "integrity": "sha512-TgqPHtUPGp6ZuzRzaLV1PeOnnnOKgvjmFJDelh0p0KlHz0oq0/ko3ji7TjBjFxFSPYd5zsl1rV7NPcIKZH15nA==",
      "requires": {
        "lodash": "^4.17.15"
      }
    },
    "json-sorted-stringify": {
      "version": "1.0.1",
      "resolved": "https://registry.npmjs.org/json-sorted-stringify/-/json-sorted-stringify-1.0.1.tgz",
      "integrity": "sha512-pWv9hqWho37EpwpBgqDYVPKPCgT/ytuvqtlBvb6M44BrnvooTk/5D/aSeohsGDLp+g8waP5dUUGODR+Ley+Idg==",
      "dev": true
    },
    "json5": {
      "version": "2.2.3",
      "resolved": "https://registry.npmjs.org/json5/-/json5-2.2.3.tgz",
      "integrity": "sha512-XmOWe7eyHYH14cLdVPoyg+GOH3rYX++KpzrylJwSW98t3Nk+U8XOl8FWKOgwtzdb8lXGf6zYwDUzeHMWfxasyg==",
      "dev": true
    },
    "kasi": {
      "version": "1.1.1",
      "resolved": "https://registry.npmjs.org/kasi/-/kasi-1.1.1.tgz",
      "integrity": "sha512-pzBwGWFIjf84T/8aD0XzMli1T3Ckr/jVLh6v0Jskwiv5ehmcgDM+vpYFSk8WzGn4ed4HqgaifTgQUHzzZHa+Qw==",
      "dev": true
    },
    "lodash": {
      "version": "4.17.21",
      "resolved": "https://registry.npmjs.org/lodash/-/lodash-4.17.21.tgz",
      "integrity": "sha512-v2kDEe57lecTulaDIuNTPy3Ry4gLGJ6Z1O3vE1krgXZNrsQ+LFTGHVxVjcXPs17LhbZVGedAJv8XZ1tvj5FvSg=="
    },
    "lomemo": {
      "version": "1.0.1",
      "resolved": "https://registry.npmjs.org/lomemo/-/lomemo-1.0.1.tgz",
      "integrity": "sha512-g8CnVp7UYypeQKpXpMzyrJoDzhOoqVQYSJApoq/cFI3vGxXoHQ+6lH5cApW9XwzVy5SL9/Owil7/JxbKckw0Lg==",
      "dev": true
    },
    "pioppo": {
      "version": "1.2.1",
      "resolved": "https://registry.npmjs.org/pioppo/-/pioppo-1.2.1.tgz",
      "integrity": "sha512-1oErGVWD6wFDPmrJWEY1Cj2p829UGT6Fw9OItYFxLkWtBjCvQSMC8wA5IcAR5ms/6gqiY8pnJvIV/+/Imyobew==",
      "dev": true,
      "requires": {
        "dettle": "^1.0.5",
        "when-exit": "^2.1.4"
      }
    },
    "prettier": {
      "version": "4.0.0-alpha.12",
      "resolved": "https://registry.npmjs.org/prettier/-/prettier-4.0.0-alpha.12.tgz",
      "integrity": "sha512-wQ8RK48Io6nRr39OQFXZu+EALwTygXnstPgN9UplY+mqkg6P52ceGifo5gylIwX1X9lOuXxreUFrLxXsCbA+sg==",
      "dev": true,
      "requires": {
        "@prettier/cli": "^0.7.1"
      }
    },
    "promise-make-counter": {
      "version": "1.0.2",
      "resolved": "https://registry.npmjs.org/promise-make-counter/-/promise-make-counter-1.0.2.tgz",
      "integrity": "sha512-FJAxTBWQuQoAs4ZOYuKX1FHXxEgKLEzBxUvwr4RoOglkTpOjWuM+RXsK3M9q5lMa8kjqctUrhwYeZFT4ygsnag==",
      "dev": true,
      "requires": {
        "promise-make-naked": "^3.0.2"
      }
    },
    "promise-make-naked": {
      "version": "3.0.2",
      "resolved": "https://registry.npmjs.org/promise-make-naked/-/promise-make-naked-3.0.2.tgz",
      "integrity": "sha512-B+b+kQ1YrYS7zO7P7bQcoqqMUizP06BOyNSBEnB5VJKDSWo8fsVuDkfSmwdjF0JsRtaNh83so5MMFJ95soH5jg==",
      "dev": true
    },
    "promise-resolve-timeout": {
      "version": "2.0.1",
      "resolved": "https://registry.npmjs.org/promise-resolve-timeout/-/promise-resolve-timeout-2.0.1.tgz",
      "integrity": "sha512-90Qzzu5SmR+ksmTPsc79121NZGtEiPvKACQLCl6yofknRx5xJI9kNj3oDVSX6dVTneF8Ju6+xpVFdDSzb7cNcg==",
      "dev": true
    },
    "smol-toml": {
      "version": "1.3.1",
      "resolved": "https://registry.npmjs.org/smol-toml/-/smol-toml-1.3.1.tgz",
      "integrity": "sha512-tEYNll18pPKHroYSmLLrksq233j021G0giwW7P3D24jC54pQ5W5BXMsQ/Mvw1OJCmEYDgY+lrzT+3nNUtoNfXQ==",
      "dev": true
    },
    "specialist": {
      "version": "1.4.5",
      "resolved": "https://registry.npmjs.org/specialist/-/specialist-1.4.5.tgz",
      "integrity": "sha512-4mPQEREzBUW2hzlXX/dWFbQdUWzpkqvMFVpUAdRlo1lUlhKMObDHiAo09oZ94x4cS3uWMJebPOTn+GaQYLfv3Q==",
      "dev": true,
      "requires": {
        "tiny-bin": "^1.10.3",
        "tiny-colors": "^2.2.2",
        "tiny-parse-argv": "^2.8.1",
        "tiny-updater": "^3.5.3"
      }
    },
    "stdin-blocker": {
      "version": "2.0.1",
      "resolved": "https://registry.npmjs.org/stdin-blocker/-/stdin-blocker-2.0.1.tgz",
      "integrity": "sha512-NEcAEpag+gE/Iivx1prq1AFPwnmgmcyHNvGZLUqGBoOE/7DZtmhtP9iYqJt8ymueFL+kknhfEebAMWbrWp3FJw==",
      "dev": true
    },
    "string-escape-regex": {
      "version": "1.0.1",
      "resolved": "https://registry.npmjs.org/string-escape-regex/-/string-escape-regex-1.0.1.tgz",
      "integrity": "sha512-cdSXOHSJ32K/T2dbj9t7rJwonujaOkaINpa1zsXT+PNFIv1zuPjtr0tXanCvUhN2bIu2IB0z/C7ksl+Qsy44nA==",
      "dev": true
    },
    "stubborn-fs": {
      "version": "1.2.5",
      "resolved": "https://registry.npmjs.org/stubborn-fs/-/stubborn-fs-1.2.5.tgz",
      "integrity": "sha512-H2N9c26eXjzL/S/K+i/RHHcFanE74dptvvjM8iwzwbVcWY/zjBbgRqF3K0DY4+OD+uTTASTBvDoxPDaPN02D7g==",
      "dev": true
    },
    "tiny-bin": {
      "version": "1.11.1",
      "resolved": "https://registry.npmjs.org/tiny-bin/-/tiny-bin-1.11.1.tgz",
      "integrity": "sha512-UFC5EwtmCkFshKOBgXZzNFJsHpZrtbWZ/jQj+pwoIGUUbmenlQGGVDOwVqVOuG1nTxICSd+GLp3b+j7dUKZr2Q==",
      "dev": true,
      "requires": {
        "ansi-purge": "^1.0.1",
        "fast-string-width": "^1.1.0",
        "get-current-package": "^1.0.1",
        "tiny-colors": "^2.2.2",
        "tiny-levenshtein": "^1.0.1",
        "tiny-parse-argv": "^2.8.2",
        "tiny-updater": "^3.5.3"
      }
    },
    "tiny-colors": {
      "version": "2.2.2",
      "resolved": "https://registry.npmjs.org/tiny-colors/-/tiny-colors-2.2.2.tgz",
      "integrity": "sha512-Elmv7JL+dX0c78caKEelH1nHHBskHzJkaqBRgVvQuxsvVA/Z9Fa2R3ZZtfmkkajcd18e96RLMwJvtFqC8jsZWA==",
      "dev": true
    },
    "tiny-cursor": {
      "version": "2.0.1",
      "resolved": "https://registry.npmjs.org/tiny-cursor/-/tiny-cursor-2.0.1.tgz",
      "integrity": "sha512-28ytGEfb7m/8Gdflv+wSo5qRM01fROo2CjJVYon6yYbzPsc3ap3Ps5CZXuS19pIROwswSvZMGbEQ7kWnokdUGA==",
      "dev": true,
      "requires": {
        "when-exit": "^2.1.4"
      }
    },
    "tiny-editorconfig": {
      "version": "1.0.0",
      "resolved": "https://registry.npmjs.org/tiny-editorconfig/-/tiny-editorconfig-1.0.0.tgz",
      "integrity": "sha512-rxpWaSurnvPUkL2/qydRH10llK7MD1XfE38zoWTsp/ZWWYnnwPBzGUePBOcXFaNA3cJQm8ItqrofGeRJ6AVaew==",
      "dev": true,
      "requires": {
        "ini-simple-parser": "^1.0.0",
        "zeptomatch": "^1.1.3"
      },
      "dependencies": {
        "zeptomatch": {
          "version": "1.2.2",
          "resolved": "https://registry.npmjs.org/zeptomatch/-/zeptomatch-1.2.2.tgz",
          "integrity": "sha512-0ETdzEO0hdYmT8aXHHf5aMjpX+FHFE61sG4qKFAoJD2Umt3TWdCmH7ADxn2oUiWTlqBGC+SGr8sYMfr+37J8pQ==",
          "dev": true,
          "requires": {
            "grammex": "^3.1.1"
          }
        }
      }
    },
    "tiny-jsonc": {
      "version": "1.0.2",
      "resolved": "https://registry.npmjs.org/tiny-jsonc/-/tiny-jsonc-1.0.2.tgz",
      "integrity": "sha512-f5QDAfLq6zIVSyCZQZhhyl0QS6MvAyTxgz4X4x3+EoCktNWEYJ6PeoEA97fyb98njpBNNi88ybpD7m+BDFXaCw==",
      "dev": true
    },
    "tiny-levenshtein": {
      "version": "1.0.1",
      "resolved": "https://registry.npmjs.org/tiny-levenshtein/-/tiny-levenshtein-1.0.1.tgz",
      "integrity": "sha512-Q4rRa0pxGIbYoXQDejEDnonHt+QUTFrejaAxdv7h352/PWQBJ2eKsbzw1khvbIXKrpG1n2ZABX0A34oBGZXB2w==",
      "dev": true
    },
    "tiny-parse-argv": {
      "version": "2.8.2",
      "resolved": "https://registry.npmjs.org/tiny-parse-argv/-/tiny-parse-argv-2.8.2.tgz",
      "integrity": "sha512-RnIDHQ+r9zMuslQWVoRxfKVOumteeheQqbwNYJyQxzM2vzx/vdN5xAeL64F3rQOpfbVdxFkhM4zPDyfq7SxsBQ==",
      "dev": true
    },
    "tiny-readdir": {
      "version": "2.7.4",
      "resolved": "https://registry.npmjs.org/tiny-readdir/-/tiny-readdir-2.7.4.tgz",
      "integrity": "sha512-721U+zsYwDirjr8IM6jqpesD/McpZooeFi3Zc6mcjy1pse2C+v19eHPFRqz4chGXZFw7C3KITDjAtHETc2wj7Q==",
      "dev": true,
      "requires": {
        "promise-make-counter": "^1.0.2"
      }
    },
    "tiny-readdir-glob": {
      "version": "1.23.1",
      "resolved": "https://registry.npmjs.org/tiny-readdir-glob/-/tiny-readdir-glob-1.23.1.tgz",
      "integrity": "sha512-UJB7alIB+lSmIfVGKLxNyErlo5mto1luldvXW+s+NSO5gyleU/Ut9P4QKghPEenCHqVZhW0j6OggDkmattVhKw==",
      "dev": true,
      "requires": {
        "tiny-readdir": "^2.7.0",
        "zeptomatch": "^1.2.2",
        "zeptomatch-explode": "^1.0.0",
        "zeptomatch-is-static": "^1.0.0",
        "zeptomatch-unescape": "^1.0.0"
      },
      "dependencies": {
        "zeptomatch": {
          "version": "1.2.2",
          "resolved": "https://registry.npmjs.org/zeptomatch/-/zeptomatch-1.2.2.tgz",
          "integrity": "sha512-0ETdzEO0hdYmT8aXHHf5aMjpX+FHFE61sG4qKFAoJD2Umt3TWdCmH7ADxn2oUiWTlqBGC+SGr8sYMfr+37J8pQ==",
          "dev": true,
          "requires": {
            "grammex": "^3.1.1"
          }
        }
      }
    },
    "tiny-spinner": {
      "version": "2.0.5",
      "resolved": "https://registry.npmjs.org/tiny-spinner/-/tiny-spinner-2.0.5.tgz",
      "integrity": "sha512-OIGogtfEbA2IQdCBgF0zI3EjpFyiUEd6Uj5j0q5jhIPPq8pgNR83D0t9WIckbD2FzPann8lH/uLf1vX0YIu04w==",
      "dev": true,
      "requires": {
        "stdin-blocker": "^2.0.1",
        "tiny-colors": "^2.2.2",
        "tiny-cursor": "^2.0.1",
        "tiny-truncate": "^1.0.3"
      }
    },
    "tiny-truncate": {
      "version": "1.0.3",
      "resolved": "https://registry.npmjs.org/tiny-truncate/-/tiny-truncate-1.0.3.tgz",
      "integrity": "sha512-ZdCMtUg6N5VgYAInid90lnA4R720w5iU7raqPspAoYxOSMyzp132b8DeKZGrO2yC3tvoJMUDaymY3XFN3Zr5sQ==",
      "dev": true,
      "requires": {
        "ansi-truncate": "^1.2.0"
      }
    },
    "tiny-updater": {
      "version": "3.5.3",
      "resolved": "https://registry.npmjs.org/tiny-updater/-/tiny-updater-3.5.3.tgz",
      "integrity": "sha512-wEUssfOOkVLg2raSaRbyZDHpVCDj6fnp7UjynpNE4XGuF+Gkj8GRRMoHdfk73VzLQs/AHKsbY8fCxXNz8Hx4Qg==",
      "dev": true,
      "requires": {
        "ionstore": "^1.0.1",
        "tiny-colors": "^2.2.2",
        "when-exit": "^2.1.4"
      }
    },
    "webworker-shim": {
      "version": "1.1.1",
      "resolved": "https://registry.npmjs.org/webworker-shim/-/webworker-shim-1.1.1.tgz",
      "integrity": "sha512-XCWuBjJH3Xn/7SbyUF1WrrCbe6ZEsgaD7kxlFhxIwdkljGYX3BqP/dhG6ge0NBT+V7ZPjR4/BXq5BvbdaxrpKg==",
      "dev": true
    },
    "when-exit": {
      "version": "2.1.4",
      "resolved": "https://registry.npmjs.org/when-exit/-/when-exit-2.1.4.tgz",
      "integrity": "sha512-4rnvd3A1t16PWzrBUcSDZqcAmsUIy4minDXT/CZ8F2mVDgd65i4Aalimgz1aQkRGU0iH5eT5+6Rx2TK8o443Pg==",
      "dev": true
    },
    "worktank": {
      "version": "2.7.3",
      "resolved": "https://registry.npmjs.org/worktank/-/worktank-2.7.3.tgz",
      "integrity": "sha512-M0fesnpttBPdvNYBdzRvLDsacN0na9RYWFxwmM/x1+/6mufjduv9/9vBObK8EXDqxRMX/SOYJabpo0UCYYBUdQ==",
      "dev": true,
      "requires": {
        "promise-make-naked": "^2.0.0",
        "webworker-shim": "^1.1.0"
      },
      "dependencies": {
        "promise-make-naked": {
          "version": "2.1.2",
          "resolved": "https://registry.npmjs.org/promise-make-naked/-/promise-make-naked-2.1.2.tgz",
          "integrity": "sha512-y7s8ZuHIG56JYspB24be9GFkXA1zXL85Ur9u1DKrW/tvyUoPxWgBjnalK6Nc6l7wHBcAW0c3PO07+XOsWTRuhg==",
          "dev": true
        }
      }
    },
    "zeptomatch": {
      "version": "2.0.1",
      "resolved": "https://registry.npmjs.org/zeptomatch/-/zeptomatch-2.0.1.tgz",
      "integrity": "sha512-nbnIYF2n3o3EqV36HkIhEMLIDFbG3M6RUjhkdKIn6qqIJkdkL7bgVSfTTCEXBJpk1T45tLfEYfStndJc2lUEnA==",
      "dev": true,
      "requires": {
        "grammex": "^3.1.10"
      }
    },
    "zeptomatch-escape": {
      "version": "1.0.1",
      "resolved": "https://registry.npmjs.org/zeptomatch-escape/-/zeptomatch-escape-1.0.1.tgz",
      "integrity": "sha512-kAc5HzvnF66djCYDqpsS46Y/FKi+4pe/KJRmTmm/hwmoaNYzmm6bBY07cdkxmJCdY018S5UeQn4yP+9X2x1MbQ==",
      "dev": true
    },
    "zeptomatch-explode": {
      "version": "1.0.1",
      "resolved": "https://registry.npmjs.org/zeptomatch-explode/-/zeptomatch-explode-1.0.1.tgz",
      "integrity": "sha512-7cUQASLLRGZ20+zEQcEgQ9z/gH1+jSfrNg4KfRJSxF1QU2fpymAwWvnAxl69GD5pr3IV0V9vo3ke2np//Nh4tQ==",
      "dev": true
    },
    "zeptomatch-is-static": {
      "version": "1.0.1",
      "resolved": "https://registry.npmjs.org/zeptomatch-is-static/-/zeptomatch-is-static-1.0.1.tgz",
      "integrity": "sha512-bN9q7H/UdXhkub01WE7b7Grg07jLldNnIWG2T1IpBq5NtvcQ4DwFbNiGGapnbKHUdWiCNjg/bIvixV88nj9gog==",
      "dev": true
    },
    "zeptomatch-unescape": {
      "version": "1.0.1",
      "resolved": "https://registry.npmjs.org/zeptomatch-unescape/-/zeptomatch-unescape-1.0.1.tgz",
      "integrity": "sha512-xhSFkKV0aQ03e/eiN4VhOTwJhcqfH7SMiGHrWKw9gXi+0EVJAxJ8Gt4ehozYsYLhUXL1JFbP1g3EE6ZmkStB0g==",
      "dev": true
    }
  }
}
